
Microsoft Visual Studio Solution File, Format Version 12.00
# Visual Studio Version 16
VisualStudioVersion = 16.0.30320.27
MinimumVisualStudioVersion = 10.0.40219.1
Project("{FAE04EC0-301F-11D3-BF4B-00C04F79EFBC}") = "Fractal", "Fractal\Fractal.csproj", "{3B2023B4-E4B0-4BAE-B98D-EC181DCBC892}"
EndProject
Global
	GlobalSection(SolutionConfigurationPlatforms) = preSolution
		Debug|Any CPU = Debug|Any CPU
		Release|Any CPU = Release|Any CPU
	EndGlobalSection
	GlobalSection(ProjectConfigurationPlatforms) = postSolution
		{3B2023B4-E4B0-4BAE-B98D-EC181DCBC892}.Debug|Any CPU.ActiveCfg = Debug|Any CPU
		{3B2023B4-E4B0-4BAE-B98D-EC181DCBC892}.Debug|Any CPU.Build.0 = Debug|Any CPU
		{3B2023B4-E4B0-4BAE-B98D-EC181DCBC892}.Release|Any CPU.ActiveCfg = Release|Any CPU
		{3B2023B4-E4B0-4BAE-B98D-EC181DCBC892}.Release|Any CPU.Build.0 = Release|Any CPU
	EndGlobalSection
	GlobalSection(SolutionProperties) = preSolution
		HideSolutionNode = FALSE
	EndGlobalSection
	GlobalSection(ExtensibilityGlobals) = postSolution
		SolutionGuid = {6419A0E4-C71D-4AF8-AB50-95FA9419FF3F}
	EndGlobalSection
EndGlobal
